
Microsoft Visual Studio Solution File, Format Version 12.00
# Visual Studio Version 16
VisualStudioVersion = 16.0.30804.86
MinimumVisualStudioVersion = 10.0.40219.1
Project("{FAE04EC0-301F-11D3-BF4B-00C04F79EFBC}") = "SkridtTaeller", "SkridtTaeller\SkridtTaeller.csproj", "{CA3746D8-C02E-4EC5-8CEB-25540F701DBD}"
EndProject
Global
	GlobalSection(SolutionConfigurationPlatforms) = preSolution
		Debug|Any CPU = Debug|Any CPU
		Release|Any CPU = Release|Any CPU
	EndGlobalSection
	GlobalSection(ProjectConfigurationPlatforms) = postSolution
		{CA3746D8-C02E-4EC5-8CEB-25540F701DBD}.Debug|Any CPU.ActiveCfg = Debug|Any CPU
		{CA3746D8-C02E-4EC5-8CEB-25540F701DBD}.Debug|Any CPU.Build.0 = Debug|Any CPU
		{CA3746D8-C02E-4EC5-8CEB-25540F701DBD}.Release|Any CPU.ActiveCfg = Release|Any CPU
		{CA3746D8-C02E-4EC5-8CEB-25540F701DBD}.Release|Any CPU.Build.0 = Release|Any CPU
	EndGlobalSection
	GlobalSection(SolutionProperties) = preSolution
		HideSolutionNode = FALSE
	EndGlobalSection
	GlobalSection(ExtensibilityGlobals) = postSolution
		SolutionGuid = {2F689770-0E1E-42B7-8E0B-038DEA39814B}
	EndGlobalSection
EndGlobal
